
Microsoft Visual Studio Solution File, Format Version 12.00
# Visual Studio Version 17
VisualStudioVersion = 17.9.34607.119
MinimumVisualStudioVersion = 10.0.40219.1
Project("{9A19103F-16F7-4668-BE54-9A1E7A4F7556}") = "BibliotecaWeb", "BibliotecaWeb\BibliotecaWeb.csproj", "{48018604-D766-431D-97C0-EA29429E4C70}"
EndProject
Project("{9A19103F-16F7-4668-BE54-9A1E7A4F7556}") = "BibliotecaData", "BibliotecaData\BibliotecaData.csproj", "{492B2010-7D96-4F17-B8D8-B437B496A43B}"
EndProject
Project("{FAE04EC0-301F-11D3-BF4B-00C04F79EFBC}") = "BibliotecaEntidades", "BibliotecaEntidades\BibliotecaEntidades.csproj", "{DEB1CE2C-E357-4BB4-BB51-99E159A7FEA1}"
EndProject
Global
	GlobalSection(SolutionConfigurationPlatforms) = preSolution
		Debug|Any CPU = Debug|Any CPU
		Release|Any CPU = Release|Any CPU
	EndGlobalSection
	GlobalSection(ProjectConfigurationPlatforms) = postSolution
		{48018604-D766-431D-97C0-EA29429E4C70}.Debug|Any CPU.ActiveCfg = Debug|Any CPU
		{48018604-D766-431D-97C0-EA29429E4C70}.Debug|Any CPU.Build.0 = Debug|Any CPU
		{48018604-D766-431D-97C0-EA29429E4C70}.Release|Any CPU.ActiveCfg = Release|Any CPU
		{48018604-D766-431D-97C0-EA29429E4C70}.Release|Any CPU.Build.0 = Release|Any CPU
		{492B2010-7D96-4F17-B8D8-B437B496A43B}.Debug|Any CPU.ActiveCfg = Debug|Any CPU
		{492B2010-7D96-4F17-B8D8-B437B496A43B}.Debug|Any CPU.Build.0 = Debug|Any CPU
		{492B2010-7D96-4F17-B8D8-B437B496A43B}.Release|Any CPU.ActiveCfg = Release|Any CPU
		{492B2010-7D96-4F17-B8D8-B437B496A43B}.Release|Any CPU.Build.0 = Release|Any CPU
		{DEB1CE2C-E357-4BB4-BB51-99E159A7FEA1}.Debug|Any CPU.ActiveCfg = Debug|Any CPU
		{DEB1CE2C-E357-4BB4-BB51-99E159A7FEA1}.Debug|Any CPU.Build.0 = Debug|Any CPU
		{DEB1CE2C-E357-4BB4-BB51-99E159A7FEA1}.Release|Any CPU.ActiveCfg = Release|Any CPU
		{DEB1CE2C-E357-4BB4-BB51-99E159A7FEA1}.Release|Any CPU.Build.0 = Release|Any CPU
	EndGlobalSection
	GlobalSection(SolutionProperties) = preSolution
		HideSolutionNode = FALSE
	EndGlobalSection
	GlobalSection(ExtensibilityGlobals) = postSolution
		SolutionGuid = {B3EE63B2-3665-414D-81A5-BEF02F1ABE2D}
	EndGlobalSection
EndGlobal
